
Microsoft Visual Studio Solution File, Format Version 12.00
# Visual Studio Version 17
VisualStudioVersion = 17.0.31903.59
MinimumVisualStudioVersion = 10.0.40219.1
Project("{FAE04EC0-301F-11D3-BF4B-00C04F79EFBC}") = "Bookit.Domain", "Bookit.Domain\Bookit.Domain.csproj", "{03B70C71-912C-4ED3-B6A7-8B91B0BB6A4A}"
EndProject
Project("{FAE04EC0-301F-11D3-BF4B-00C04F79EFBC}") = "Bookit.Application", "Bookit.Application\Bookit.Application.csproj", "{3C64E453-6838-4C70-97FF-F86D503445A5}"
EndProject
Project("{FAE04EC0-301F-11D3-BF4B-00C04F79EFBC}") = "Bookit.Infrastructure", "Bookit.Infrastructure\Bookit.Infrastructure.csproj", "{92882626-CAC2-4633-B6E0-4208F8397CB0}"
EndProject
Project("{FAE04EC0-301F-11D3-BF4B-00C04F79EFBC}") = "Bookit.Api", "Bookit.Api\Bookit.Api.csproj", "{63BAAA59-DBC6-482F-A14E-B6489A09D61A}"
EndProject
Global
	GlobalSection(SolutionConfigurationPlatforms) = preSolution
		Debug|Any CPU = Debug|Any CPU
		Release|Any CPU = Release|Any CPU
	EndGlobalSection
	GlobalSection(SolutionProperties) = preSolution
		HideSolutionNode = FALSE
	EndGlobalSection
	GlobalSection(ProjectConfigurationPlatforms) = postSolution
		{03B70C71-912C-4ED3-B6A7-8B91B0BB6A4A}.Debug|Any CPU.ActiveCfg = Debug|Any CPU
		{03B70C71-912C-4ED3-B6A7-8B91B0BB6A4A}.Debug|Any CPU.Build.0 = Debug|Any CPU
		{03B70C71-912C-4ED3-B6A7-8B91B0BB6A4A}.Release|Any CPU.ActiveCfg = Release|Any CPU
		{03B70C71-912C-4ED3-B6A7-8B91B0BB6A4A}.Release|Any CPU.Build.0 = Release|Any CPU
		{3C64E453-6838-4C70-97FF-F86D503445A5}.Debug|Any CPU.ActiveCfg = Debug|Any CPU
		{3C64E453-6838-4C70-97FF-F86D503445A5}.Debug|Any CPU.Build.0 = Debug|Any CPU
		{3C64E453-6838-4C70-97FF-F86D503445A5}.Release|Any CPU.ActiveCfg = Release|Any CPU
		{3C64E453-6838-4C70-97FF-F86D503445A5}.Release|Any CPU.Build.0 = Release|Any CPU
		{92882626-CAC2-4633-B6E0-4208F8397CB0}.Debug|Any CPU.ActiveCfg = Debug|Any CPU
		{92882626-CAC2-4633-B6E0-4208F8397CB0}.Debug|Any CPU.Build.0 = Debug|Any CPU
		{92882626-CAC2-4633-B6E0-4208F8397CB0}.Release|Any CPU.ActiveCfg = Release|Any CPU
		{92882626-CAC2-4633-B6E0-4208F8397CB0}.Release|Any CPU.Build.0 = Release|Any CPU
		{63BAAA59-DBC6-482F-A14E-B6489A09D61A}.Debug|Any CPU.ActiveCfg = Debug|Any CPU
		{63BAAA59-DBC6-482F-A14E-B6489A09D61A}.Debug|Any CPU.Build.0 = Debug|Any CPU
		{63BAAA59-DBC6-482F-A14E-B6489A09D61A}.Release|Any CPU.ActiveCfg = Release|Any CPU
		{63BAAA59-DBC6-482F-A14E-B6489A09D61A}.Release|Any CPU.Build.0 = Release|Any CPU
	EndGlobalSection
EndGlobal
